// !$*UTF8*$!
{
	archiveVersion = 1;
	classes = {
	};
	objectVersion = 50;
	objects = {

/* Begin PBXBuildFile section */
		133FB7AF23EF30490014A176 /* AppDelegate.swift in Sources */ = {isa = PBXBuildFile; fileRef = 133FB7AE23EF30490014A176 /* AppDelegate.swift */; };
		133FB7B123EF30490014A176 /* SceneDelegate.swift in Sources */ = {isa = PBXBuildFile; fileRef = 133FB7B023EF30490014A176 /* SceneDelegate.swift */; };
		133FB7B323EF30490014A176 /* ViewController.swift in Sources */ = {isa = PBXBuildFile; fileRef = 133FB7B223EF30490014A176 /* ViewController.swift */; };
		133FB7B623EF30490014A176 /* Main.storyboard in Resources */ = {isa = PBXBuildFile; fileRef = 133FB7B423EF30490014A176 /* Main.storyboard */; };
		133FB7B823EF304C0014A176 /* Assets.xcassets in Resources */ = {isa = PBXBuildFile; fileRef = 133FB7B723EF304C0014A176 /* Assets.xcassets */; };
		133FB7BB23EF304C0014A176 /* LaunchScreen.storyboard in Resources */ = {isa = PBXBuildFile; fileRef = 133FB7B923EF304C0014A176 /* LaunchScreen.storyboard */; };
/* End PBXBuildFile section */

/* Begin PBXFileReference section */
		133FB7AB23EF30490014A176 /* OpenTok Issue on Publisher.app */ = {isa = PBXFileReference; explicitFileType = wrapper.application; includeInIndex = 0; path = "OpenTok Issue on Publisher.app"; sourceTree = BUILT_PRODUCTS_DIR; };
		133FB7AE23EF30490014A176 /* AppDelegate.swift */ = {isa = PBXFileReference; lastKnownFileType = sourcecode.swift; path = AppDelegate.swift; sourceTree = "<group>"; };
		133FB7B023EF30490014A176 /* SceneDelegate.swift */ = {isa = PBXFileReference; lastKnownFileType = sourcecode.swift; path = SceneDelegate.swift; sourceTree = "<group>"; };
		133FB7B223EF30490014A176 /* ViewController.swift */ = {isa = PBXFileReference; lastKnownFileType = sourcecode.swift; path = ViewController.swift; sourceTree = "<group>"; };
		133FB7B523EF30490014A176 /* Base */ = {isa = PBXFileReference; lastKnownFileType = file.storyboard; name = Base; path = Base.lproj/Main.storyboard; sourceTree = "<group>"; };
		133FB7B723EF304C0014A176 /* Assets.xcassets */ = {isa = PBXFileReference; lastKnownFileType = folder.assetcatalog; path = Assets.xcassets; sourceTree = "<group>"; };
		133FB7BA23EF304C0014A176 /* Base */ = {isa = PBXFileReference; lastKnownFileType = file.storyboard; name = Base; path = Base.lproj/LaunchScreen.storyboard; sourceTree = "<group>"; };
		133FB7BC23EF304C0014A176 /* Info.plist */ = {isa = PBXFileReference; lastKnownFileType = text.plist.xml; path = Info.plist; sourceTree = "<group>"; };
/* End PBXFileReference section */

/* Begin PBXFrameworksBuildPhase section */
		133FB7A823EF30490014A176 /* Frameworks */ = {
			isa = PBXFrameworksBuildPhase;
			buildActionMask = 2147483647;
			files = (
			);
			runOnlyForDeploymentPostprocessing = 0;
		};
/* End PBXFrameworksBuildPhase section */

/* Begin PBXGroup section */
		133FB7A223EF30490014A176 = {
			isa = PBXGroup;
			children = (
				133FB7AD23EF30490014A176 /* OpenTok Issue on Publisher */,
				133FB7AC23EF30490014A176 /* Products */,
			);
			sourceTree = "<group>";
		};
		133FB7AC23EF30490014A176 /* Products */ = {
			isa = PBXGroup;
			children = (
				133FB7AB23EF30490014A176 /* OpenTok Issue on Publisher.app */,
			);
			name = Products;
			sourceTree = "<group>";
		};
		133FB7AD23EF30490014A176 /* OpenTok Issue on Publisher */ = {
			isa = PBXGroup;
			children = (
				133FB7AE23EF30490014A176 /* AppDelegate.swift */,
				133FB7B023EF30490014A176 /* SceneDelegate.swift */,
				133FB7B223EF30490014A176 /* ViewController.swift */,
				133FB7B423EF30490014A176 /* Main.storyboard */,
				133FB7B723EF304C0014A176 /* Assets.xcassets */,
				133FB7B923EF304C0014A176 /* LaunchScreen.storyboard */,
				133FB7BC23EF304C0014A176 /* Info.plist */,
			);
			path = "OpenTok Issue on Publisher";
			sourceTree = "<group>";
		};
/* End PBXGroup section */

/* Begin PBXNativeTarget section */
		133FB7AA23EF30490014A176 /* OpenTok Issue on Publisher */ = {
			isa = PBXNativeTarget;
			buildConfigurationList = 133FB7BF23EF304C0014A176 /* Build configuration list for PBXNativeTarget "OpenTok Issue on Publisher" */;
			buildPhases = (
				133FB7A723EF30490014A176 /* Sources */,
				133FB7A823EF30490014A176 /* Frameworks */,
				133FB7A923EF30490014A176 /* Resources */,
			);
			buildRules = (
			);
			dependencies = (
			);
			name = "OpenTok Issue on Publisher";
			productName = "OpenTok Issue on Publisher";
			productReference = 133FB7AB23EF30490014A176 /* OpenTok Issue on Publisher.app */;
			productType = "com.apple.product-type.application";
		};
/* End PBXNativeTarget section */

/* Begin PBXProject section */
		133FB7A323EF30490014A176 /* Project object */ = {
			isa = PBXProject;
			attributes = {
				LastSwiftUpdateCheck = 1130;
				LastUpgradeCheck = 1130;
				ORGANIZATIONNAME = Assistcard;
				TargetAttributes = {
					133FB7AA23EF30490014A176 = {
						CreatedOnToolsVersion = 11.3.1;
					};
				};
			};
			buildConfigurationList = 133FB7A623EF30490014A176 /* Build configuration list for PBXProject "OpenTok Issue on Publisher" */;
			compatibilityVersion = "Xcode 9.3";
			developmentRegion = en;
			hasScannedForEncodings = 0;
			knownRegions = (
				en,
				Base,
			);
			mainGroup = 133FB7A223EF30490014A176;
			productRefGroup = 133FB7AC23EF30490014A176 /* Products */;
			projectDirPath = "";
			projectRoot = "";
			targets = (
				133FB7AA23EF30490014A176 /* OpenTok Issue on Publisher */,
			);
		};
/* End PBXProject section */

/* Begin PBXResourcesBuildPhase section */
		133FB7A923EF30490014A176 /* Resources */ = {
			isa = PBXResourcesBuildPhase;
			buildActionMask = 2147483647;
			files = (
				133FB7BB23EF304C0014A176 /* LaunchScreen.storyboard in Resources */,
				133FB7B823EF304C0014A176 /* Assets.xcassets in Resources */,
				133FB7B623EF30490014A176 /* Main.storyboard in Resources */,
			);
			runOnlyForDeploymentPostprocessing = 0;
		};
/* End PBXResourcesBuildPhase section */

/* Begin PBXSourcesBuildPhase section */
		133FB7A723EF30490014A176 /* Sources */ = {
			isa = PBXSourcesBuildPhase;
			buildActionMask = 2147483647;
			files = (
				133FB7B323EF30490014A176 /* ViewController.swift in Sources */,
				133FB7AF23EF30490014A176 /* AppDelegate.swift in Sources */,
				133FB7B123EF30490014A176 /* SceneDelegate.swift in Sources */,
			);
			runOnlyForDeploymentPostprocessing = 0;
		};
/* End PBXSourcesBuildPhase section */

/* Begin PBXVariantGroup section */
		133FB7B423EF30490014A176 /* Main.storyboard */ = {
			isa = PBXVariantGroup;
			children = (
				133FB7B523EF30490014A176 /* Base */,
			);
			name = Main.storyboard;
			sourceTree = "<group>";
		};
		133FB7B923EF304C0014A176 /* LaunchScreen.storyboard */ = {
			isa = PBXVariantGroup;
			children = (
				133FB7BA23EF304C0014A176 /* Base */,
			);
			name = LaunchScreen.storyboard;
			sourceTree = "<group>";
		};
/* End PBXVariantGroup section */

/* Begin XCBuildConfiguration section */
		133FB7BD23EF304C0014A176 /* Debug */ = {
			isa = XCBuildConfiguration;
			buildSettings = {
				ALWAYS_SEARCH_USER_PATHS = NO;
				CLANG_ANALYZER_NONNULL = YES;
				CLANG_ANALYZER_NUMBER_OBJECT_CONVERSION = YES_AGGRESSIVE;
				CLANG_CXX_LANGUAGE_STANDARD = "gnu++14";
				CLANG_CXX_LIBRARY = "libc++";
				CLANG_ENABLE_MODULES = YES;
				CLANG_ENABLE_OBJC_ARC = YES;
				CLANG_ENABLE_OBJC_WEAK = YES;
				CLANG_WARN_BLOCK_CAPTURE_AUTORELEASING = YES;
				CLANG_WARN_BOOL_CONVERSION = YES;
				CLANG_WARN_COMMA = YES;
				CLANG_WARN_CONSTANT_CONVERSION = YES;
				CLANG_WARN_DEPRECATED_OBJC_IMPLEMENTATIONS = YES;
				CLANG_WARN_DIRECT_OBJC_ISA_USAGE = YES_ERROR;
				CLANG_WARN_DOCUMENTATION_COMMENTS = YES;
				CLANG_WARN_EMPTY_BODY = YES;
				CLANG_WARN_ENUM_CONVERSION = YES;
				CLANG_WARN_INFINITE_RECURSION = YES;
				CLANG_WARN_INT_CONVERSION = YES;
				CLANG_WARN_NON_LITERAL_NULL_CONVERSION = YES;
				CLANG_WARN_OBJC_IMPLICIT_RETAIN_SELF = YES;
				CLANG_WARN_OBJC_LITERAL_CONVERSION = YES;
				CLANG_WARN_OBJC_ROOT_CLASS = YES_ERROR;
				CLANG_WARN_RANGE_LOOP_ANALYSIS = YES;
				CLANG_WARN_STRICT_PROTOTYPES = YES;
				CLANG_WARN_SUSPICIOUS_MOVE = YES;
				CLANG_WARN_UNGUARDED_AVAILABILITY = YES_AGGRESSIVE;
				CLANG_WARN_UNREACHABLE_CODE = YES;
				CLANG_WARN__DUPLICATE_METHOD_MATCH = YES;
				COPY_PHASE_STRIP = NO;
				DEBUG_INFORMATION_FORMAT = dwarf;
				ENABLE_STRICT_OBJC_MSGSEND = YES;
				ENABLE_TESTABILITY = YES;
				GCC_C_LANGUAGE_STANDARD = gnu11;
				GCC_DYNAMIC_NO_PIC = NO;
				GCC_NO_COMMON_BLOCKS = YES;
				GCC_OPTIMIZATION_LEVEL = 0;
				GCC_PREPROCESSOR_DEFINITIONS = (
					"DEBUG=1",
					"$(inherited)",
				);
				GCC_WARN_64_TO_32_BIT_CONVERSION = YES;
				GCC_WARN_ABOUT_RETURN_TYPE = YES_ERROR;
				GCC_WARN_UNDECLARED_SELECTOR = YES;
				GCC_WARN_UNINITIALIZED_AUTOS = YES_AGGRESSIVE;
				GCC_WARN_UNUSED_FUNCTION = YES;
				GCC_WARN_UNUSED_VARIABLE = YES;
				IPHONEOS_DEPLOYMENT_TARGET = 13.2;
				MTL_ENABLE_DEBUG_INFO = INCLUDE_SOURCE;
				MTL_FAST_MATH = YES;
				ONLY_ACTIVE_ARCH = YES;
				SDKROOT = iphoneos;
				SWIFT_ACTIVE_COMPILATION_CONDITIONS = DEBUG;
				SWIFT_OPTIMIZATION_LEVEL = "-Onone";
			};
			name = Debug;
		};
		133FB7BE23EF304C0014A176 /* Release */ = {
			isa = XCBuildConfiguration;
			buildSettings = {
				ALWAYS_SEARCH_USER_PATHS = NO;
				CLANG_ANALYZER_NONNULL = YES;
				CLANG_ANALYZER_NUMBER_OBJECT_CONVERSION = YES_AGGRESSIVE;
				CLANG_CXX_LANGUAGE_STANDARD = "gnu++14";
				CLANG_CXX_LIBRARY = "libc++";
				CLANG_ENABLE_MODULES = YES;
				CLANG_ENABLE_OBJC_ARC = YES;
				CLANG_ENABLE_OBJC_WEAK = YES;
				CLANG_WARN_BLOCK_CAPTURE_AUTORELEASING = YES;
				CLANG_WARN_BOOL_CONVERSION = YES;
				CLANG_WARN_COMMA = YES;
				CLANG_WARN_CONSTANT_CONVERSION = YES;
				CLANG_WARN_DEPRECATED_OBJC_IMPLEMENTATIONS = YES;
				CLANG_WARN_DIRECT_OBJC_ISA_USAGE = YES_ERROR;
				CLANG_WARN_DOCUMENTATION_COMMENTS = YES;
				CLANG_WARN_EMPTY_BODY = YES;
				CLANG_WARN_ENUM_CONVERSION = YES;
				CLANG_WARN_INFINITE_RECURSION = YES;
				CLANG_WARN_INT_CONVERSION = YES;
				CLANG_WARN_NON_LITERAL_NULL_CONVERSION = YES;
				CLANG_WARN_OBJC_IMPLICIT_RETAIN_SELF = YES;
				CLANG_WARN_OBJC_LITERAL_CONVERSION = YES;
				CLANG_WARN_OBJC_ROOT_CLASS = YES_ERROR;
				CLANG_WARN_RANGE_LOOP_ANALYSIS = YES;
				CLANG_WARN_STRICT_PROTOTYPES = YES;
				CLANG_WARN_SUSPICIOUS_MOVE = YES;
				CLANG_WARN_UNGUARDED_AVAILABILITY = YES_AGGRESSIVE;
				CLANG_WARN_UNREACHABLE_CODE = YES;
				CLANG_WARN__DUPLICATE_METHOD_MATCH = YES;
				COPY_PHASE_STRIP = NO;
				DEBUG_INFORMATION_FORMAT = "dwarf-with-dsym";
				ENABLE_NS_ASSERTIONS = NO;
				ENABLE_STRICT_OBJC_MSGSEND = YES;
				GCC_C_LANGUAGE_STANDARD = gnu11;
				GCC_NO_COMMON_BLOCKS = YES;
				GCC_WARN_64_TO_32_BIT_CONVERSION = YES;
				GCC_WARN_ABOUT_RETURN_TYPE = YES_ERROR;
				GCC_WARN_UNDECLARED_SELECTOR = YES;
				GCC_WARN_UNINITIALIZED_AUTOS = YES_AGGRESSIVE;
				GCC_WARN_UNUSED_FUNCTION = YES;
				GCC_WARN_UNUSED_VARIABLE = YES;
				IPHONEOS_DEPLOYMENT_TARGET = 13.2;
				MTL_ENABLE_DEBUG_INFO = NO;
				MTL_FAST_MATH = YES;
				SDKROOT = iphoneos;
				SWIFT_COMPILATION_MODE = wholemodule;
				SWIFT_OPTIMIZATION_LEVEL = "-O";
				VALIDATE_PRODUCT = YES;
			};
			name = Release;
		};
		133FB7C023EF304C0014A176 /* Debug */ = {
			isa = XCBuildConfiguration;
			buildSettings = {
				ASSETCATALOG_COMPILER_APPICON_NAME = AppIcon;
				CODE_SIGN_STYLE = Automatic;
				DEVELOPMENT_TEAM = 7AC7C7FB96;
				INFOPLIST_FILE = "OpenTok Issue on Publisher/Info.plist";
				LD_RUNPATH_SEARCH_PATHS = (
					"$(inherited)",
					"@executable_path/Frameworks",
				);
				PRODUCT_BUNDLE_IDENTIFIER = "com.assistcard.OpenTok-Issue-on-Publisher";
				PRODUCT_NAME = "$(TARGET_NAME)";
				SWIFT_VERSION = 5.0;
				TARGETED_DEVICE_FAMILY = "1,2";
			};
			name = Debug;
		};
		133FB7C123EF304C0014A176 /* Release */ = {
			isa = XCBuildConfiguration;
			buildSettings = {
				ASSETCATALOG_COMPILER_APPICON_NAME = AppIcon;
				CODE_SIGN_STYLE = Automatic;
				DEVELOPMENT_TEAM = 7AC7C7FB96;
				INFOPLIST_FILE = "OpenTok Issue on Publisher/Info.plist";
				LD_RUNPATH_SEARCH_PATHS = (
					"$(inherited)",
					"@executable_path/Frameworks",
				);
				PRODUCT_BUNDLE_IDENTIFIER = "com.assistcard.OpenTok-Issue-on-Publisher";
				PRODUCT_NAME = "$(TARGET_NAME)";
				SWIFT_VERSION = 5.0;
				TARGETED_DEVICE_FAMILY = "1,2";
			};
			name = Release;
		};
/* End XCBuildConfiguration section */

/* Begin XCConfigurationList section */
		133FB7A623EF30490014A176 /* Build configuration list for PBXProject "OpenTok Issue on Publisher" */ = {
			isa = XCConfigurationList;
			buildConfigurations = (
				133FB7BD23EF304C0014A176 /* Debug */,
				133FB7BE23EF304C0014A176 /* Release */,
			);
			defaultConfigurationIsVisible = 0;
			defaultConfigurationName = Release;
		};
		133FB7BF23EF304C0014A176 /* Build configuration list for PBXNativeTarget "OpenTok Issue on Publisher" */ = {
			isa = XCConfigurationList;
			buildConfigurations = (
				133FB7C023EF304C0014A176 /* Debug */,
				133FB7C123EF304C0014A176 /* Release */,
			);
			defaultConfigurationIsVisible = 0;
			defaultConfigurationName = Release;
		};
/* End XCConfigurationList section */
	};
	rootObject = 133FB7A323EF30490014A176 /* Project object */;
}
